
Microsoft Visual Studio Solution File, Format Version 12.00
# Visual Studio Version 16
VisualStudioVersion = 16.0.30002.166
MinimumVisualStudioVersion = 10.0.40219.1
Project("{FAE04EC0-301F-11D3-BF4B-00C04F79EFBC}") = "BaiThucHanh4_1", "BaiThucHanh4_1\BaiThucHanh4_1.csproj", "{5A3AF7A1-9CDC-4077-8606-F0F27DF4E28A}"
EndProject
Global
	GlobalSection(SolutionConfigurationPlatforms) = preSolution
		Debug|Any CPU = Debug|Any CPU
		Release|Any CPU = Release|Any CPU
	EndGlobalSection
	GlobalSection(ProjectConfigurationPlatforms) = postSolution
		{5A3AF7A1-9CDC-4077-8606-F0F27DF4E28A}.Debug|Any CPU.ActiveCfg = Debug|Any CPU
		{5A3AF7A1-9CDC-4077-8606-F0F27DF4E28A}.Debug|Any CPU.Build.0 = Debug|Any CPU
		{5A3AF7A1-9CDC-4077-8606-F0F27DF4E28A}.Release|Any CPU.ActiveCfg = Release|Any CPU
		{5A3AF7A1-9CDC-4077-8606-F0F27DF4E28A}.Release|Any CPU.Build.0 = Release|Any CPU
	EndGlobalSection
	GlobalSection(SolutionProperties) = preSolution
		HideSolutionNode = FALSE
	EndGlobalSection
	GlobalSection(ExtensibilityGlobals) = postSolution
		SolutionGuid = {BD736C57-3807-4599-AB17-90933835E78C}
	EndGlobalSection
EndGlobal
